
Microsoft Visual Studio Solution File, Format Version 12.00
# Visual Studio Version 17
VisualStudioVersion = 17.2.32516.85
MinimumVisualStudioVersion = 10.0.40219.1
Project("{FAE04EC0-301F-11D3-BF4B-00C04F79EFBC}") = "Examen3", "Examen3\Examen3.csproj", "{A58A78A7-AC56-4FEB-A37E-7F6DFC92434B}"
EndProject
Global
	GlobalSection(SolutionConfigurationPlatforms) = preSolution
		Debug|Any CPU = Debug|Any CPU
		Release|Any CPU = Release|Any CPU
	EndGlobalSection
	GlobalSection(ProjectConfigurationPlatforms) = postSolution
		{A58A78A7-AC56-4FEB-A37E-7F6DFC92434B}.Debug|Any CPU.ActiveCfg = Debug|Any CPU
		{A58A78A7-AC56-4FEB-A37E-7F6DFC92434B}.Debug|Any CPU.Build.0 = Debug|Any CPU
		{A58A78A7-AC56-4FEB-A37E-7F6DFC92434B}.Release|Any CPU.ActiveCfg = Release|Any CPU
		{A58A78A7-AC56-4FEB-A37E-7F6DFC92434B}.Release|Any CPU.Build.0 = Release|Any CPU
	EndGlobalSection
	GlobalSection(SolutionProperties) = preSolution
		HideSolutionNode = FALSE
	EndGlobalSection
	GlobalSection(ExtensibilityGlobals) = postSolution
		SolutionGuid = {49E9BED6-EB7E-48AB-ACD6-1723FBA39507}
	EndGlobalSection
EndGlobal
